# THIS IS AN AUTOGENERATED FILE. DO NOT EDIT THIS FILE DIRECTLY.
# yarn lockfile v1


react-hook-form@^7.45.4:
  version "7.45.4"
  resolved "https://registry.yarnpkg.com/react-hook-form/-/react-hook-form-7.45.4.tgz#73d228b704026ae95d7e5f7b207a681b173ec62a"
  integrity sha512-HGDV1JOOBPZj10LB3+OZgfDBTn+IeEsNOKiq/cxbQAIbKaiJUe/KV8DBUzsx0Gx/7IG/orWqRRm736JwOfUSWQ==
